// !$*UTF8*$!
{
	archiveVersion = 1;
	classes = {
	};
	objectVersion = 46;
	objects = {

/* Begin PBXBuildFile section */
		094FFF631F4A79CE004866BC /* Recipe.swift in Sources */ = {isa = PBXBuildFile; fileRef = 094FFF621F4A79CE004866BC /* Recipe.swift */; };
		094FFF651F4A79FF004866BC /* ShoppingList.swift in Sources */ = {isa = PBXBuildFile; fileRef = 094FFF641F4A79FF004866BC /* ShoppingList.swift */; };
		094FFF671F4A7A11004866BC /* Favourites.swift in Sources */ = {isa = PBXBuildFile; fileRef = 094FFF661F4A7A11004866BC /* Favourites.swift */; };
		094FFF6B1F4A9B9E004866BC /* Model.swift in Sources */ = {isa = PBXBuildFile; fileRef = 094FFF6A1F4A9B9E004866BC /* Model.swift */; };
		094FFF6D1F4AB5DE004866BC /* AllRecipes.swift in Sources */ = {isa = PBXBuildFile; fileRef = 094FFF6C1F4AB5DE004866BC /* AllRecipes.swift */; };
		7D0EDF861F43E01A0016471D /* Assets.xcassets in Resources */ = {isa = PBXBuildFile; fileRef = 7D0EDF851F43E01A0016471D /* Assets.xcassets */; };
		7D0EDF8A1F4403B10016471D /* func.swift in Sources */ = {isa = PBXBuildFile; fileRef = 7D0EDF891F4403B10016471D /* func.swift */; };
		7D6F0BCA1F414FA3003F60BE /* AppDelegate.swift in Sources */ = {isa = PBXBuildFile; fileRef = 7D6F0BC91F414FA3003F60BE /* AppDelegate.swift */; };
		7D6F0BCC1F414FA3003F60BE /* FirstViewController.swift in Sources */ = {isa = PBXBuildFile; fileRef = 7D6F0BCB1F414FA3003F60BE /* FirstViewController.swift */; };
		7D6F0BCE1F414FA3003F60BE /* SecondViewController.swift in Sources */ = {isa = PBXBuildFile; fileRef = 7D6F0BCD1F414FA3003F60BE /* SecondViewController.swift */; };
		7D6F0BD11F414FA3003F60BE /* Main.storyboard in Resources */ = {isa = PBXBuildFile; fileRef = 7D6F0BCF1F414FA3003F60BE /* Main.storyboard */; };
		7D6F0BD61F414FA3003F60BE /* LaunchScreen.storyboard in Resources */ = {isa = PBXBuildFile; fileRef = 7D6F0BD41F414FA3003F60BE /* LaunchScreen.storyboard */; };
		7D6F0BE11F414FA3003F60BE /* Homemade_V2Tests.swift in Sources */ = {isa = PBXBuildFile; fileRef = 7D6F0BE01F414FA3003F60BE /* Homemade_V2Tests.swift */; };
		7D6F0BEC1F414FA3003F60BE /* Homemade_V2UITests.swift in Sources */ = {isa = PBXBuildFile; fileRef = 7D6F0BEB1F414FA3003F60BE /* Homemade_V2UITests.swift */; };
		7D6F0BFA1F4152A8003F60BE /* FirstViewControllerTableViewCell.swift in Sources */ = {isa = PBXBuildFile; fileRef = 7D6F0BF91F4152A8003F60BE /* FirstViewControllerTableViewCell.swift */; };
/* End PBXBuildFile section */

/* Begin PBXContainerItemProxy section */
		7D6F0BDD1F414FA3003F60BE /* PBXContainerItemProxy */ = {
			isa = PBXContainerItemProxy;
			containerPortal = 7D6F0BBE1F414FA2003F60BE /* Project object */;
			proxyType = 1;
			remoteGlobalIDString = 7D6F0BC51F414FA3003F60BE;
			remoteInfo = "Homemade V2";
		};
		7D6F0BE81F414FA3003F60BE /* PBXContainerItemProxy */ = {
			isa = PBXContainerItemProxy;
			containerPortal = 7D6F0BBE1F414FA2003F60BE /* Project object */;
			proxyType = 1;
			remoteGlobalIDString = 7D6F0BC51F414FA3003F60BE;
			remoteInfo = "Homemade V2";
		};
/* End PBXContainerItemProxy section */

/* Begin PBXFileReference section */
		094FFF621F4A79CE004866BC /* Recipe.swift */ = {isa = PBXFileReference; fileEncoding = 4; lastKnownFileType = sourcecode.swift; path = Recipe.swift; sourceTree = "<group>"; };
		094FFF641F4A79FF004866BC /* ShoppingList.swift */ = {isa = PBXFileReference; fileEncoding = 4; lastKnownFileType = sourcecode.swift; path = ShoppingList.swift; sourceTree = "<group>"; };
		094FFF661F4A7A11004866BC /* Favourites.swift */ = {isa = PBXFileReference; fileEncoding = 4; lastKnownFileType = sourcecode.swift; path = Favourites.swift; sourceTree = "<group>"; };
		094FFF6A1F4A9B9E004866BC /* Model.swift */ = {isa = PBXFileReference; fileEncoding = 4; lastKnownFileType = sourcecode.swift; path = Model.swift; sourceTree = "<group>"; };
		094FFF6C1F4AB5DE004866BC /* AllRecipes.swift */ = {isa = PBXFileReference; fileEncoding = 4; lastKnownFileType = sourcecode.swift; path = AllRecipes.swift; sourceTree = "<group>"; };
		7D0EDF851F43E01A0016471D /* Assets.xcassets */ = {isa = PBXFileReference; lastKnownFileType = folder.assetcatalog; path = Assets.xcassets; sourceTree = "<group>"; };
		7D0EDF891F4403B10016471D /* func.swift */ = {isa = PBXFileReference; fileEncoding = 4; lastKnownFileType = sourcecode.swift; name = func.swift; path = ../func.swift; sourceTree = "<group>"; };
		7D6F0BC61F414FA3003F60BE /* Homemade V2.app */ = {isa = PBXFileReference; explicitFileType = wrapper.application; includeInIndex = 0; path = "Homemade V2.app"; sourceTree = BUILT_PRODUCTS_DIR; };
		7D6F0BC91F414FA3003F60BE /* AppDelegate.swift */ = {isa = PBXFileReference; lastKnownFileType = sourcecode.swift; path = AppDelegate.swift; sourceTree = "<group>"; };
		7D6F0BCB1F414FA3003F60BE /* FirstViewController.swift */ = {isa = PBXFileReference; lastKnownFileType = sourcecode.swift; path = FirstViewController.swift; sourceTree = "<group>"; };
		7D6F0BCD1F414FA3003F60BE /* SecondViewController.swift */ = {isa = PBXFileReference; lastKnownFileType = sourcecode.swift; path = SecondViewController.swift; sourceTree = "<group>"; };
		7D6F0BD01F414FA3003F60BE /* Base */ = {isa = PBXFileReference; lastKnownFileType = file.storyboard; name = Base; path = Base.lproj/Main.storyboard; sourceTree = "<group>"; };
		7D6F0BD51F414FA3003F60BE /* Base */ = {isa = PBXFileReference; lastKnownFileType = file.storyboard; name = Base; path = Base.lproj/LaunchScreen.storyboard; sourceTree = "<group>"; };
		7D6F0BD71F414FA3003F60BE /* Info.plist */ = {isa = PBXFileReference; lastKnownFileType = text.plist.xml; path = Info.plist; sourceTree = "<group>"; };
		7D6F0BDC1F414FA3003F60BE /* Homemade V2Tests.xctest */ = {isa = PBXFileReference; explicitFileType = wrapper.cfbundle; includeInIndex = 0; path = "Homemade V2Tests.xctest"; sourceTree = BUILT_PRODUCTS_DIR; };
		7D6F0BE01F414FA3003F60BE /* Homemade_V2Tests.swift */ = {isa = PBXFileReference; lastKnownFileType = sourcecode.swift; path = Homemade_V2Tests.swift; sourceTree = "<group>"; };
		7D6F0BE21F414FA3003F60BE /* Info.plist */ = {isa = PBXFileReference; lastKnownFileType = text.plist.xml; path = Info.plist; sourceTree = "<group>"; };
		7D6F0BE71F414FA3003F60BE /* Homemade V2UITests.xctest */ = {isa = PBXFileReference; explicitFileType = wrapper.cfbundle; includeInIndex = 0; path = "Homemade V2UITests.xctest"; sourceTree = BUILT_PRODUCTS_DIR; };
		7D6F0BEB1F414FA3003F60BE /* Homemade_V2UITests.swift */ = {isa = PBXFileReference; lastKnownFileType = sourcecode.swift; path = Homemade_V2UITests.swift; sourceTree = "<group>"; };
		7D6F0BED1F414FA3003F60BE /* Info.plist */ = {isa = PBXFileReference; lastKnownFileType = text.plist.xml; path = Info.plist; sourceTree = "<group>"; };
		7D6F0BF91F4152A8003F60BE /* FirstViewControllerTableViewCell.swift */ = {isa = PBXFileReference; fileEncoding = 4; lastKnownFileType = sourcecode.swift; path = FirstViewControllerTableViewCell.swift; sourceTree = "<group>"; };
/* End PBXFileReference section */

/* Begin PBXFrameworksBuildPhase section */
		7D6F0BC31F414FA3003F60BE /* Frameworks */ = {
			isa = PBXFrameworksBuildPhase;
			buildActionMask = 2147483647;
			files = (
			);
			runOnlyForDeploymentPostprocessing = 0;
		};
		7D6F0BD91F414FA3003F60BE /* Frameworks */ = {
			isa = PBXFrameworksBuildPhase;
			buildActionMask = 2147483647;
			files = (
			);
			runOnlyForDeploymentPostprocessing = 0;
		};
		7D6F0BE41F414FA3003F60BE /* Frameworks */ = {
			isa = PBXFrameworksBuildPhase;
			buildActionMask = 2147483647;
			files = (
			);
			runOnlyForDeploymentPostprocessing = 0;
		};
/* End PBXFrameworksBuildPhase section */

/* Begin PBXGroup section */
		093ED1C91F4454C9008108F0 /* Model */ = {
			isa = PBXGroup;
			children = (
				7D0EDF891F4403B10016471D /* func.swift */,
				094FFF621F4A79CE004866BC /* Recipe.swift */,
				094FFF641F4A79FF004866BC /* ShoppingList.swift */,
				094FFF661F4A7A11004866BC /* Favourites.swift */,
				094FFF6A1F4A9B9E004866BC /* Model.swift */,
				094FFF6C1F4AB5DE004866BC /* AllRecipes.swift */,
			);
			name = Model;
			sourceTree = "<group>";
		};
		093ED1CA1F4454CF008108F0 /* View */ = {
			isa = PBXGroup;
			children = (
				7D6F0BCF1F414FA3003F60BE /* Main.storyboard */,
			);
			name = View;
			sourceTree = "<group>";
		};
		093ED1CB1F4454D4008108F0 /* Controller */ = {
			isa = PBXGroup;
			children = (
				7D6F0BCB1F414FA3003F60BE /* FirstViewController.swift */,
				7D6F0BCD1F414FA3003F60BE /* SecondViewController.swift */,
				7D6F0BF91F4152A8003F60BE /* FirstViewControllerTableViewCell.swift */,
			);
			name = Controller;
			sourceTree = "<group>";
		};
		7D6F0BBD1F414FA2003F60BE = {
			isa = PBXGroup;
			children = (
				7D6F0BC81F414FA3003F60BE /* Homemade V2 */,
				7D6F0BDF1F414FA3003F60BE /* Homemade V2Tests */,
				7D6F0BEA1F414FA3003F60BE /* Homemade V2UITests */,
				7D6F0BC71F414FA3003F60BE /* Products */,
			);
			sourceTree = "<group>";
		};
		7D6F0BC71F414FA3003F60BE /* Products */ = {
			isa = PBXGroup;
			children = (
				7D6F0BC61F414FA3003F60BE /* Homemade V2.app */,
				7D6F0BDC1F414FA3003F60BE /* Homemade V2Tests.xctest */,
				7D6F0BE71F414FA3003F60BE /* Homemade V2UITests.xctest */,
			);
			name = Products;
			sourceTree = "<group>";
		};
		7D6F0BC81F414FA3003F60BE /* Homemade V2 */ = {
			isa = PBXGroup;
			children = (
				093ED1CB1F4454D4008108F0 /* Controller */,
				093ED1CA1F4454CF008108F0 /* View */,
				093ED1C91F4454C9008108F0 /* Model */,
				7D6F0BC91F414FA3003F60BE /* AppDelegate.swift */,
				7D6F0BD41F414FA3003F60BE /* LaunchScreen.storyboard */,
				7D0EDF851F43E01A0016471D /* Assets.xcassets */,
				7D6F0BD71F414FA3003F60BE /* Info.plist */,
			);
			path = "Homemade V2";
			sourceTree = "<group>";
		};
		7D6F0BDF1F414FA3003F60BE /* Homemade V2Tests */ = {
			isa = PBXGroup;
			children = (
				7D6F0BE01F414FA3003F60BE /* Homemade_V2Tests.swift */,
				7D6F0BE21F414FA3003F60BE /* Info.plist */,
			);
			path = "Homemade V2Tests";
			sourceTree = "<group>";
		};
		7D6F0BEA1F414FA3003F60BE /* Homemade V2UITests */ = {
			isa = PBXGroup;
			children = (
				7D6F0BEB1F414FA3003F60BE /* Homemade_V2UITests.swift */,
				7D6F0BED1F414FA3003F60BE /* Info.plist */,
			);
			path = "Homemade V2UITests";
			sourceTree = "<group>";
		};
/* End PBXGroup section */

/* Begin PBXNativeTarget section */
		7D6F0BC51F414FA3003F60BE /* Homemade V2 */ = {
			isa = PBXNativeTarget;
			buildConfigurationList = 7D6F0BF01F414FA3003F60BE /* Build configuration list for PBXNativeTarget "Homemade V2" */;
			buildPhases = (
				7D6F0BC21F414FA3003F60BE /* Sources */,
				7D6F0BC31F414FA3003F60BE /* Frameworks */,
				7D6F0BC41F414FA3003F60BE /* Resources */,
			);
			buildRules = (
			);
			dependencies = (
			);
			name = "Homemade V2";
			productName = "Homemade V2";
			productReference = 7D6F0BC61F414FA3003F60BE /* Homemade V2.app */;
			productType = "com.apple.product-type.application";
		};
		7D6F0BDB1F414FA3003F60BE /* Homemade V2Tests */ = {
			isa = PBXNativeTarget;
			buildConfigurationList = 7D6F0BF31F414FA3003F60BE /* Build configuration list for PBXNativeTarget "Homemade V2Tests" */;
			buildPhases = (
				7D6F0BD81F414FA3003F60BE /* Sources */,
				7D6F0BD91F414FA3003F60BE /* Frameworks */,
				7D6F0BDA1F414FA3003F60BE /* Resources */,
			);
			buildRules = (
			);
			dependencies = (
				7D6F0BDE1F414FA3003F60BE /* PBXTargetDependency */,
			);
			name = "Homemade V2Tests";
			productName = "Homemade V2Tests";
			productReference = 7D6F0BDC1F414FA3003F60BE /* Homemade V2Tests.xctest */;
			productType = "com.apple.product-type.bundle.unit-test";
		};
		7D6F0BE61F414FA3003F60BE /* Homemade V2UITests */ = {
			isa = PBXNativeTarget;
			buildConfigurationList = 7D6F0BF61F414FA3003F60BE /* Build configuration list for PBXNativeTarget "Homemade V2UITests" */;
			buildPhases = (
				7D6F0BE31F414FA3003F60BE /* Sources */,
				7D6F0BE41F414FA3003F60BE /* Frameworks */,
				7D6F0BE51F414FA3003F60BE /* Resources */,
			);
			buildRules = (
			);
			dependencies = (
				7D6F0BE91F414FA3003F60BE /* PBXTargetDependency */,
			);
			name = "Homemade V2UITests";
			productName = "Homemade V2UITests";
			productReference = 7D6F0BE71F414FA3003F60BE /* Homemade V2UITests.xctest */;
			productType = "com.apple.product-type.bundle.ui-testing";
		};
/* End PBXNativeTarget section */

/* Begin PBXProject section */
		7D6F0BBE1F414FA2003F60BE /* Project object */ = {
			isa = PBXProject;
			attributes = {
				LastSwiftUpdateCheck = 0830;
				LastUpgradeCheck = 0830;
				ORGANIZATIONNAME = JoshuaJon;
				TargetAttributes = {
					7D6F0BC51F414FA3003F60BE = {
						CreatedOnToolsVersion = 8.3.3;
						ProvisioningStyle = Automatic;
					};
					7D6F0BDB1F414FA3003F60BE = {
						CreatedOnToolsVersion = 8.3.3;
						ProvisioningStyle = Automatic;
						TestTargetID = 7D6F0BC51F414FA3003F60BE;
					};
					7D6F0BE61F414FA3003F60BE = {
						CreatedOnToolsVersion = 8.3.3;
						ProvisioningStyle = Automatic;
						TestTargetID = 7D6F0BC51F414FA3003F60BE;
					};
				};
			};
			buildConfigurationList = 7D6F0BC11F414FA2003F60BE /* Build configuration list for PBXProject "Homemade V2" */;
			compatibilityVersion = "Xcode 3.2";
			developmentRegion = English;
			hasScannedForEncodings = 0;
			knownRegions = (
				en,
				Base,
			);
			mainGroup = 7D6F0BBD1F414FA2003F60BE;
			productRefGroup = 7D6F0BC71F414FA3003F60BE /* Products */;
			projectDirPath = "";
			projectRoot = "";
			targets = (
				7D6F0BC51F414FA3003F60BE /* Homemade V2 */,
				7D6F0BDB1F414FA3003F60BE /* Homemade V2Tests */,
				7D6F0BE61F414FA3003F60BE /* Homemade V2UITests */,
			);
		};
/* End PBXProject section */

/* Begin PBXResourcesBuildPhase section */
		7D6F0BC41F414FA3003F60BE /* Resources */ = {
			isa = PBXResourcesBuildPhase;
			buildActionMask = 2147483647;
			files = (
				7D6F0BD61F414FA3003F60BE /* LaunchScreen.storyboard in Resources */,
				7D6F0BD11F414FA3003F60BE /* Main.storyboard in Resources */,
				7D0EDF861F43E01A0016471D /* Assets.xcassets in Resources */,
			);
			runOnlyForDeploymentPostprocessing = 0;
		};
		7D6F0BDA1F414FA3003F60BE /* Resources */ = {
			isa = PBXResourcesBuildPhase;
			buildActionMask = 2147483647;
			files = (
			);
			runOnlyForDeploymentPostprocessing = 0;
		};
		7D6F0BE51F414FA3003F60BE /* Resources */ = {
			isa = PBXResourcesBuildPhase;
			buildActionMask = 2147483647;
			files = (
			);
			runOnlyForDeploymentPostprocessing = 0;
		};
/* End PBXResourcesBuildPhase section */

/* Begin PBXSourcesBuildPhase section */
		7D6F0BC21F414FA3003F60BE /* Sources */ = {
			isa = PBXSourcesBuildPhase;
			buildActionMask = 2147483647;
			files = (
				7D0EDF8A1F4403B10016471D /* func.swift in Sources */,
				094FFF6D1F4AB5DE004866BC /* AllRecipes.swift in Sources */,
				094FFF631F4A79CE004866BC /* Recipe.swift in Sources */,
				094FFF651F4A79FF004866BC /* ShoppingList.swift in Sources */,
				094FFF671F4A7A11004866BC /* Favourites.swift in Sources */,
				094FFF6B1F4A9B9E004866BC /* Model.swift in Sources */,
				7D6F0BCE1F414FA3003F60BE /* SecondViewController.swift in Sources */,
				7D6F0BCA1F414FA3003F60BE /* AppDelegate.swift in Sources */,
				7D6F0BCC1F414FA3003F60BE /* FirstViewController.swift in Sources */,
				7D6F0BFA1F4152A8003F60BE /* FirstViewControllerTableViewCell.swift in Sources */,
			);
			runOnlyForDeploymentPostprocessing = 0;
		};
		7D6F0BD81F414FA3003F60BE /* Sources */ = {
			isa = PBXSourcesBuildPhase;
			buildActionMask = 2147483647;
			files = (
				7D6F0BE11F414FA3003F60BE /* Homemade_V2Tests.swift in Sources */,
			);
			runOnlyForDeploymentPostprocessing = 0;
		};
		7D6F0BE31F414FA3003F60BE /* Sources */ = {
			isa = PBXSourcesBuildPhase;
			buildActionMask = 2147483647;
			files = (
				7D6F0BEC1F414FA3003F60BE /* Homemade_V2UITests.swift in Sources */,
			);
			runOnlyForDeploymentPostprocessing = 0;
		};
/* End PBXSourcesBuildPhase section */

/* Begin PBXTargetDependency section */
		7D6F0BDE1F414FA3003F60BE /* PBXTargetDependency */ = {
			isa = PBXTargetDependency;
			target = 7D6F0BC51F414FA3003F60BE /* Homemade V2 */;
			targetProxy = 7D6F0BDD1F414FA3003F60BE /* PBXContainerItemProxy */;
		};
		7D6F0BE91F414FA3003F60BE /* PBXTargetDependency */ = {
			isa = PBXTargetDependency;
			target = 7D6F0BC51F414FA3003F60BE /* Homemade V2 */;
			targetProxy = 7D6F0BE81F414FA3003F60BE /* PBXContainerItemProxy */;
		};
/* End PBXTargetDependency section */

/* Begin PBXVariantGroup section */
		7D6F0BCF1F414FA3003F60BE /* Main.storyboard */ = {
			isa = PBXVariantGroup;
			children = (
				7D6F0BD01F414FA3003F60BE /* Base */,
			);
			name = Main.storyboard;
			sourceTree = "<group>";
		};
		7D6F0BD41F414FA3003F60BE /* LaunchScreen.storyboard */ = {
			isa = PBXVariantGroup;
			children = (
				7D6F0BD51F414FA3003F60BE /* Base */,
			);
			name = LaunchScreen.storyboard;
			sourceTree = "<group>";
		};
/* End PBXVariantGroup section */

/* Begin XCBuildConfiguration section */
		7D6F0BEE1F414FA3003F60BE /* Debug */ = {
			isa = XCBuildConfiguration;
			buildSettings = {
				ALWAYS_SEARCH_USER_PATHS = NO;
				CLANG_ANALYZER_NONNULL = YES;
				CLANG_ANALYZER_NUMBER_OBJECT_CONVERSION = YES_AGGRESSIVE;
				CLANG_CXX_LANGUAGE_STANDARD = "gnu++0x";
				CLANG_CXX_LIBRARY = "libc++";
				CLANG_ENABLE_MODULES = YES;
				CLANG_ENABLE_OBJC_ARC = YES;
				CLANG_WARN_BOOL_CONVERSION = YES;
				CLANG_WARN_CONSTANT_CONVERSION = YES;
				CLANG_WARN_DIRECT_OBJC_ISA_USAGE = YES_ERROR;
				CLANG_WARN_DOCUMENTATION_COMMENTS = YES;
				CLANG_WARN_EMPTY_BODY = YES;
				CLANG_WARN_ENUM_CONVERSION = YES;
				CLANG_WARN_INFINITE_RECURSION = YES;
				CLANG_WARN_INT_CONVERSION = YES;
				CLANG_WARN_OBJC_ROOT_CLASS = YES_ERROR;
				CLANG_WARN_SUSPICIOUS_MOVE = YES;
				CLANG_WARN_UNREACHABLE_CODE = YES;
				CLANG_WARN__DUPLICATE_METHOD_MATCH = YES;
				"CODE_SIGN_IDENTITY[sdk=iphoneos*]" = "iPhone Developer";
				COPY_PHASE_STRIP = NO;
				DEBUG_INFORMATION_FORMAT = dwarf;
				ENABLE_STRICT_OBJC_MSGSEND = YES;
				ENABLE_TESTABILITY = YES;
				GCC_C_LANGUAGE_STANDARD = gnu99;
				GCC_DYNAMIC_NO_PIC = NO;
				GCC_NO_COMMON_BLOCKS = YES;
				GCC_OPTIMIZATION_LEVEL = 0;
				GCC_PREPROCESSOR_DEFINITIONS = (
					"DEBUG=1",
					"$(inherited)",
				);
				GCC_WARN_64_TO_32_BIT_CONVERSION = YES;
				GCC_WARN_ABOUT_RETURN_TYPE = YES_ERROR;
				GCC_WARN_UNDECLARED_SELECTOR = YES;
				GCC_WARN_UNINITIALIZED_AUTOS = YES_AGGRESSIVE;
				GCC_WARN_UNUSED_FUNCTION = YES;
				GCC_WARN_UNUSED_VARIABLE = YES;
				IPHONEOS_DEPLOYMENT_TARGET = 10.3;
				MTL_ENABLE_DEBUG_INFO = YES;
				ONLY_ACTIVE_ARCH = YES;
				SDKROOT = iphoneos;
				SWIFT_ACTIVE_COMPILATION_CONDITIONS = DEBUG;
				SWIFT_OPTIMIZATION_LEVEL = "-Onone";
				TARGETED_DEVICE_FAMILY = "1,2";
			};
			name = Debug;
		};
		7D6F0BEF1F414FA3003F60BE /* Release */ = {
			isa = XCBuildConfiguration;
			buildSettings = {
				ALWAYS_SEARCH_USER_PATHS = NO;
				CLANG_ANALYZER_NONNULL = YES;
				CLANG_ANALYZER_NUMBER_OBJECT_CONVERSION = YES_AGGRESSIVE;
				CLANG_CXX_LANGUAGE_STANDARD = "gnu++0x";
				CLANG_CXX_LIBRARY = "libc++";
				CLANG_ENABLE_MODULES = YES;
				CLANG_ENABLE_OBJC_ARC = YES;
				CLANG_WARN_BOOL_CONVERSION = YES;
				CLANG_WARN_CONSTANT_CONVERSION = YES;
				CLANG_WARN_DIRECT_OBJC_ISA_USAGE = YES_ERROR;
				CLANG_WARN_DOCUMENTATION_COMMENTS = YES;
				CLANG_WARN_EMPTY_BODY = YES;
				CLANG_WARN_ENUM_CONVERSION = YES;
				CLANG_WARN_INFINITE_RECURSION = YES;
				CLANG_WARN_INT_CONVERSION = YES;
				CLANG_WARN_OBJC_ROOT_CLASS = YES_ERROR;
				CLANG_WARN_SUSPICIOUS_MOVE = YES;
				CLANG_WARN_UNREACHABLE_CODE = YES;
				CLANG_WARN__DUPLICATE_METHOD_MATCH = YES;
				"CODE_SIGN_IDENTITY[sdk=iphoneos*]" = "iPhone Developer";
				COPY_PHASE_STRIP = NO;
				DEBUG_INFORMATION_FORMAT = "dwarf-with-dsym";
				ENABLE_NS_ASSERTIONS = NO;
				ENABLE_STRICT_OBJC_MSGSEND = YES;
				GCC_C_LANGUAGE_STANDARD = gnu99;
				GCC_NO_COMMON_BLOCKS = YES;
				GCC_WARN_64_TO_32_BIT_CONVERSION = YES;
				GCC_WARN_ABOUT_RETURN_TYPE = YES_ERROR;
				GCC_WARN_UNDECLARED_SELECTOR = YES;
				GCC_WARN_UNINITIALIZED_AUTOS = YES_AGGRESSIVE;
				GCC_WARN_UNUSED_FUNCTION = YES;
				GCC_WARN_UNUSED_VARIABLE = YES;
				IPHONEOS_DEPLOYMENT_TARGET = 10.3;
				MTL_ENABLE_DEBUG_INFO = NO;
				SDKROOT = iphoneos;
				SWIFT_OPTIMIZATION_LEVEL = "-Owholemodule";
				TARGETED_DEVICE_FAMILY = "1,2";
				VALIDATE_PRODUCT = YES;
			};
			name = Release;
		};
		7D6F0BF11F414FA3003F60BE /* Debug */ = {
			isa = XCBuildConfiguration;
			buildSettings = {
				ASSETCATALOG_COMPILER_APPICON_NAME = AppIcon;
				INFOPLIST_FILE = "Homemade V2/Info.plist";
				LD_RUNPATH_SEARCH_PATHS = "$(inherited) @executable_path/Frameworks";
				PRODUCT_BUNDLE_IDENTIFIER = "joshuajon.Homemade-V2";
				PRODUCT_NAME = "$(TARGET_NAME)";
				SWIFT_VERSION = 3.0;
			};
			name = Debug;
		};
		7D6F0BF21F414FA3003F60BE /* Release */ = {
			isa = XCBuildConfiguration;
			buildSettings = {
				ASSETCATALOG_COMPILER_APPICON_NAME = AppIcon;
				INFOPLIST_FILE = "Homemade V2/Info.plist";
				LD_RUNPATH_SEARCH_PATHS = "$(inherited) @executable_path/Frameworks";
				PRODUCT_BUNDLE_IDENTIFIER = "joshuajon.Homemade-V2";
				PRODUCT_NAME = "$(TARGET_NAME)";
				SWIFT_VERSION = 3.0;
			};
			name = Release;
		};
		7D6F0BF41F414FA3003F60BE /* Debug */ = {
			isa = XCBuildConfiguration;
			buildSettings = {
				ALWAYS_EMBED_SWIFT_STANDARD_LIBRARIES = YES;
				BUNDLE_LOADER = "$(TEST_HOST)";
				INFOPLIST_FILE = "Homemade V2Tests/Info.plist";
				LD_RUNPATH_SEARCH_PATHS = "$(inherited) @executable_path/Frameworks @loader_path/Frameworks";
				PRODUCT_BUNDLE_IDENTIFIER = "joshuajon.Homemade-V2Tests";
				PRODUCT_NAME = "$(TARGET_NAME)";
				SWIFT_VERSION = 3.0;
				TEST_HOST = "$(BUILT_PRODUCTS_DIR)/Homemade V2.app/Homemade V2";
			};
			name = Debug;
		};
		7D6F0BF51F414FA3003F60BE /* Release */ = {
			isa = XCBuildConfiguration;
			buildSettings = {
				ALWAYS_EMBED_SWIFT_STANDARD_LIBRARIES = YES;
				BUNDLE_LOADER = "$(TEST_HOST)";
				INFOPLIST_FILE = "Homemade V2Tests/Info.plist";
				LD_RUNPATH_SEARCH_PATHS = "$(inherited) @executable_path/Frameworks @loader_path/Frameworks";
				PRODUCT_BUNDLE_IDENTIFIER = "joshuajon.Homemade-V2Tests";
				PRODUCT_NAME = "$(TARGET_NAME)";
				SWIFT_VERSION = 3.0;
				TEST_HOST = "$(BUILT_PRODUCTS_DIR)/Homemade V2.app/Homemade V2";
			};
			name = Release;
		};
		7D6F0BF71F414FA3003F60BE /* Debug */ = {
			isa = XCBuildConfiguration;
			buildSettings = {
				ALWAYS_EMBED_SWIFT_STANDARD_LIBRARIES = YES;
				INFOPLIST_FILE = "Homemade V2UITests/Info.plist";
				LD_RUNPATH_SEARCH_PATHS = "$(inherited) @executable_path/Frameworks @loader_path/Frameworks";
				PRODUCT_BUNDLE_IDENTIFIER = "joshuajon.Homemade-V2UITests";
				PRODUCT_NAME = "$(TARGET_NAME)";
				SWIFT_VERSION = 3.0;
				TEST_TARGET_NAME = "Homemade V2";
			};
			name = Debug;
		};
		7D6F0BF81F414FA3003F60BE /* Release */ = {
			isa = XCBuildConfiguration;
			buildSettings = {
				ALWAYS_EMBED_SWIFT_STANDARD_LIBRARIES = YES;
				INFOPLIST_FILE = "Homemade V2UITests/Info.plist";
				LD_RUNPATH_SEARCH_PATHS = "$(inherited) @executable_path/Frameworks @loader_path/Frameworks";
				PRODUCT_BUNDLE_IDENTIFIER = "joshuajon.Homemade-V2UITests";
				PRODUCT_NAME = "$(TARGET_NAME)";
				SWIFT_VERSION = 3.0;
				TEST_TARGET_NAME = "Homemade V2";
			};
			name = Release;
		};
/* End XCBuildConfiguration section */

/* Begin XCConfigurationList section */
		7D6F0BC11F414FA2003F60BE /* Build configuration list for PBXProject "Homemade V2" */ = {
			isa = XCConfigurationList;
			buildConfigurations = (
				7D6F0BEE1F414FA3003F60BE /* Debug */,
				7D6F0BEF1F414FA3003F60BE /* Release */,
			);
			defaultConfigurationIsVisible = 0;
			defaultConfigurationName = Release;
		};
		7D6F0BF01F414FA3003F60BE /* Build configuration list for PBXNativeTarget "Homemade V2" */ = {
			isa = XCConfigurationList;
			buildConfigurations = (
				7D6F0BF11F414FA3003F60BE /* Debug */,
				7D6F0BF21F414FA3003F60BE /* Release */,
			);
			defaultConfigurationIsVisible = 0;
			defaultConfigurationName = Release;
		};
		7D6F0BF31F414FA3003F60BE /* Build configuration list for PBXNativeTarget "Homemade V2Tests" */ = {
			isa = XCConfigurationList;
			buildConfigurations = (
				7D6F0BF41F414FA3003F60BE /* Debug */,
				7D6F0BF51F414FA3003F60BE /* Release */,
			);
			defaultConfigurationIsVisible = 0;
			defaultConfigurationName = Release;
		};
		7D6F0BF61F414FA3003F60BE /* Build configuration list for PBXNativeTarget "Homemade V2UITests" */ = {
			isa = XCConfigurationList;
			buildConfigurations = (
				7D6F0BF71F414FA3003F60BE /* Debug */,
				7D6F0BF81F414FA3003F60BE /* Release */,
			);
			defaultConfigurationIsVisible = 0;
			defaultConfigurationName = Release;
		};
/* End XCConfigurationList section */
	};
	rootObject = 7D6F0BBE1F414FA2003F60BE /* Project object */;
}
